
Microsoft Visual Studio Solution File, Format Version 12.00
# Visual Studio Version 16
VisualStudioVersion = 16.0.31205.134
MinimumVisualStudioVersion = 10.0.40219.1
Project("{FAE04EC0-301F-11D3-BF4B-00C04F79EFBC}") = "AdventOfCode", "..\AdventOfCode\AdventOfCode\AdventOfCode.csproj", "{EBB07FE7-14EF-48B0-8B9F-F26E1948E0A1}"
	ProjectSection(ProjectDependencies) = postProject
		{118B7A09-52CB-4E50-9D40-FC18858BF0B7} = {118B7A09-52CB-4E50-9D40-FC18858BF0B7}
		{B0E00610-311E-479B-841F-1C4E0B2D8F51} = {B0E00610-311E-479B-841F-1C4E0B2D8F51}
		{C6F61611-F9A1-41C5-BEFA-76D526889F33} = {C6F61611-F9A1-41C5-BEFA-76D526889F33}
		{DC93C21E-F3DD-4255-8E84-9456ED6C7806} = {DC93C21E-F3DD-4255-8E84-9456ED6C7806}
		{88016527-F069-463C-A08B-526DEF493CD9} = {88016527-F069-463C-A08B-526DEF493CD9}
		{66D95B2C-FDBB-4A5A-8165-0716E750B727} = {66D95B2C-FDBB-4A5A-8165-0716E750B727}
		{B74FEC37-8453-438D-BBEB-C83EDAF6C1F7} = {B74FEC37-8453-438D-BBEB-C83EDAF6C1F7}
		{E0B4DC38-DCA7-44EE-BA26-9A1B41800351} = {E0B4DC38-DCA7-44EE-BA26-9A1B41800351}
		{D4DA9F3E-2F77-49AE-8504-ED4256F31016} = {D4DA9F3E-2F77-49AE-8504-ED4256F31016}
		{60906749-74A0-4D56-8C2F-4FB2DA418287} = {60906749-74A0-4D56-8C2F-4FB2DA418287}
		{762A6D4B-8BED-452F-89F8-9553F65728A0} = {762A6D4B-8BED-452F-89F8-9553F65728A0}
		{8385DC58-62FD-4CC2-9AFC-77BD57192513} = {8385DC58-62FD-4CC2-9AFC-77BD57192513}
		{36BE1E62-372B-4F98-A840-4299324389E0} = {36BE1E62-372B-4F98-A840-4299324389E0}
		{300CC669-5648-46E5-ADC0-00758DE4420C} = {300CC669-5648-46E5-ADC0-00758DE4420C}
		{481A2176-AEB7-4572-AA42-D37F90C71C3D} = {481A2176-AEB7-4572-AA42-D37F90C71C3D}
		{74808A94-2806-4A96-B372-94831B10376B} = {74808A94-2806-4A96-B372-94831B10376B}
		{A30020B6-7656-469E-8DA8-33BD5311A9A3} = {A30020B6-7656-469E-8DA8-33BD5311A9A3}
		{38B122BA-02CC-4770-8B60-A5904D056F11} = {38B122BA-02CC-4770-8B60-A5904D056F11}
		{D02EADBB-CFBC-49DB-822D-5599B767B4AB} = {D02EADBB-CFBC-49DB-822D-5599B767B4AB}
		{1E81D7CB-019A-4E8A-B434-0CB08F338945} = {1E81D7CB-019A-4E8A-B434-0CB08F338945}
		{262F7EE4-D1A9-427F-BE0C-E7500551B73D} = {262F7EE4-D1A9-427F-BE0C-E7500551B73D}
		{1D3048E6-C630-4AD8-A732-2B278C4B8159} = {1D3048E6-C630-4AD8-A732-2B278C4B8159}
		{44101EED-127C-4FED-88EB-942588558B28} = {44101EED-127C-4FED-88EB-942588558B28}
		{EE1531ED-8371-4788-8DB4-2335CC760AAC} = {EE1531ED-8371-4788-8DB4-2335CC760AAC}
		{D81F86F2-5CF2-47AB-8BB4-5DE946B9B8D8} = {D81F86F2-5CF2-47AB-8BB4-5DE946B9B8D8}
	EndProjectSection
EndProject
Project("{FAE04EC0-301F-11D3-BF4B-00C04F79EFBC}") = "Interfaces", "..\AdventOfCode\Interfaces\Interfaces.csproj", "{8E871211-7987-4960-81C6-25538DFDCA91}"
EndProject
Project("{FAE04EC0-301F-11D3-BF4B-00C04F79EFBC}") = "SolverAOC2021_01", "SolverAOC2021_01\SolverAOC2021_01.csproj", "{762A6D4B-8BED-452F-89F8-9553F65728A0}"
EndProject
Project("{FAE04EC0-301F-11D3-BF4B-00C04F79EFBC}") = "SolverAOC2021_02", "SolverAOC2021_02\SolverAOC2021_02.csproj", "{481A2176-AEB7-4572-AA42-D37F90C71C3D}"
EndProject
Project("{FAE04EC0-301F-11D3-BF4B-00C04F79EFBC}") = "SolverAOC2021_03", "SolverAOC2021_03\SolverAOC2021_03.csproj", "{B74FEC37-8453-438D-BBEB-C83EDAF6C1F7}"
EndProject
Project("{FAE04EC0-301F-11D3-BF4B-00C04F79EFBC}") = "SolverAOC2021_04", "SolverAOC2021_04\SolverAOC2021_04.csproj", "{1E81D7CB-019A-4E8A-B434-0CB08F338945}"
EndProject
Project("{FAE04EC0-301F-11D3-BF4B-00C04F79EFBC}") = "SolverAOC2021_05", "SolverAOC2021_05\SolverAOC2021_05.csproj", "{66D95B2C-FDBB-4A5A-8165-0716E750B727}"
EndProject
Project("{FAE04EC0-301F-11D3-BF4B-00C04F79EFBC}") = "SolverAOC2021_06", "SolverAOC2021_06\SolverAOC2021_06.csproj", "{D02EADBB-CFBC-49DB-822D-5599B767B4AB}"
EndProject
Project("{FAE04EC0-301F-11D3-BF4B-00C04F79EFBC}") = "SolverAOC2021_07", "SolverAOC2021_07\SolverAOC2021_07.csproj", "{36BE1E62-372B-4F98-A840-4299324389E0}"
EndProject
Project("{FAE04EC0-301F-11D3-BF4B-00C04F79EFBC}") = "SolverAOC2021_08", "SolverAOC2021_08\SolverAOC2021_08.csproj", "{300CC669-5648-46E5-ADC0-00758DE4420C}"
EndProject
Project("{FAE04EC0-301F-11D3-BF4B-00C04F79EFBC}") = "SolverAOC2021_09", "SolverAOC2021_09\SolverAOC2021_09.csproj", "{E0B4DC38-DCA7-44EE-BA26-9A1B41800351}"
EndProject
Project("{FAE04EC0-301F-11D3-BF4B-00C04F79EFBC}") = "SolverAOC2021_10", "SolverAOC2021_10\SolverAOC2021_10.csproj", "{60906749-74A0-4D56-8C2F-4FB2DA418287}"
EndProject
Project("{FAE04EC0-301F-11D3-BF4B-00C04F79EFBC}") = "SolverAOC2021_11", "SolverAOC2021_11\SolverAOC2021_11.csproj", "{88016527-F069-463C-A08B-526DEF493CD9}"
EndProject
Project("{FAE04EC0-301F-11D3-BF4B-00C04F79EFBC}") = "SolverAOC2021_12", "SolverAOC2021_12\SolverAOC2021_12.csproj", "{118B7A09-52CB-4E50-9D40-FC18858BF0B7}"
EndProject
Project("{FAE04EC0-301F-11D3-BF4B-00C04F79EFBC}") = "SolverAOC2021_13", "SolverAOC2021_13\SolverAOC2021_13.csproj", "{C6F61611-F9A1-41C5-BEFA-76D526889F33}"
EndProject
Project("{FAE04EC0-301F-11D3-BF4B-00C04F79EFBC}") = "SolverAOC2021_14", "SolverAOC2021_14\SolverAOC2021_14.csproj", "{DC93C21E-F3DD-4255-8E84-9456ED6C7806}"
EndProject
Project("{FAE04EC0-301F-11D3-BF4B-00C04F79EFBC}") = "SolverAOC2021_15", "SolverAOC2021_15\SolverAOC2021_15.csproj", "{8385DC58-62FD-4CC2-9AFC-77BD57192513}"
EndProject
Project("{FAE04EC0-301F-11D3-BF4B-00C04F79EFBC}") = "SolverAOC2021_16", "SolverAOC2021_16\SolverAOC2021_16.csproj", "{74808A94-2806-4A96-B372-94831B10376B}"
EndProject
Project("{FAE04EC0-301F-11D3-BF4B-00C04F79EFBC}") = "SolverAOC2021_17", "SolverAOC2021_17\SolverAOC2021_17.csproj", "{262F7EE4-D1A9-427F-BE0C-E7500551B73D}"
EndProject
Project("{FAE04EC0-301F-11D3-BF4B-00C04F79EFBC}") = "SolverAOC2021_18", "SolverAOC2021_18\SolverAOC2021_18.csproj", "{EE1531ED-8371-4788-8DB4-2335CC760AAC}"
EndProject
Project("{FAE04EC0-301F-11D3-BF4B-00C04F79EFBC}") = "SolverAOC2021_19", "SolverAOC2021_19\SolverAOC2021_19.csproj", "{D81F86F2-5CF2-47AB-8BB4-5DE946B9B8D8}"
EndProject
Project("{FAE04EC0-301F-11D3-BF4B-00C04F79EFBC}") = "SolverAOC2021_20", "SolverAOC2021_20\SolverAOC2021_20.csproj", "{1D3048E6-C630-4AD8-A732-2B278C4B8159}"
EndProject
Project("{FAE04EC0-301F-11D3-BF4B-00C04F79EFBC}") = "SolverAOC2021_21", "SolverAOC2021_21\SolverAOC2021_21.csproj", "{B0E00610-311E-479B-841F-1C4E0B2D8F51}"
EndProject
Project("{FAE04EC0-301F-11D3-BF4B-00C04F79EFBC}") = "SolverAOC2021_22", "SolverAOC2021_22\SolverAOC2021_22.csproj", "{D4DA9F3E-2F77-49AE-8504-ED4256F31016}"
EndProject
Project("{FAE04EC0-301F-11D3-BF4B-00C04F79EFBC}") = "SolverAOC2021_23", "SolverAOC2021_23\SolverAOC2021_23.csproj", "{A30020B6-7656-469E-8DA8-33BD5311A9A3}"
EndProject
Project("{FAE04EC0-301F-11D3-BF4B-00C04F79EFBC}") = "SolverAOC2021_24", "SolverAOC2021_24\SolverAOC2021_24.csproj", "{44101EED-127C-4FED-88EB-942588558B28}"
EndProject
Project("{FAE04EC0-301F-11D3-BF4B-00C04F79EFBC}") = "SolverAOC2021_25", "SolverAOC2021_25\SolverAOC2021_25.csproj", "{38B122BA-02CC-4770-8B60-A5904D056F11}"
EndProject
Global
	GlobalSection(SolutionConfigurationPlatforms) = preSolution
		Debug|Any CPU = Debug|Any CPU
		Debug|x64 = Debug|x64
		Debug|x86 = Debug|x86
		Release|Any CPU = Release|Any CPU
		Release|x64 = Release|x64
		Release|x86 = Release|x86
	EndGlobalSection
	GlobalSection(ProjectConfigurationPlatforms) = postSolution
		{EBB07FE7-14EF-48B0-8B9F-F26E1948E0A1}.Debug|Any CPU.ActiveCfg = Debug|Any CPU
		{EBB07FE7-14EF-48B0-8B9F-F26E1948E0A1}.Debug|Any CPU.Build.0 = Debug|Any CPU
		{EBB07FE7-14EF-48B0-8B9F-F26E1948E0A1}.Debug|x64.ActiveCfg = Debug|x64
		{EBB07FE7-14EF-48B0-8B9F-F26E1948E0A1}.Debug|x64.Build.0 = Debug|x64
		{EBB07FE7-14EF-48B0-8B9F-F26E1948E0A1}.Debug|x86.ActiveCfg = Debug|x86
		{EBB07FE7-14EF-48B0-8B9F-F26E1948E0A1}.Debug|x86.Build.0 = Debug|x86
		{EBB07FE7-14EF-48B0-8B9F-F26E1948E0A1}.Release|Any CPU.ActiveCfg = Release|Any CPU
		{EBB07FE7-14EF-48B0-8B9F-F26E1948E0A1}.Release|Any CPU.Build.0 = Release|Any CPU
		{EBB07FE7-14EF-48B0-8B9F-F26E1948E0A1}.Release|x64.ActiveCfg = Release|x64
		{EBB07FE7-14EF-48B0-8B9F-F26E1948E0A1}.Release|x64.Build.0 = Release|x64
		{EBB07FE7-14EF-48B0-8B9F-F26E1948E0A1}.Release|x86.ActiveCfg = Release|x86
		{EBB07FE7-14EF-48B0-8B9F-F26E1948E0A1}.Release|x86.Build.0 = Release|x86
		{8E871211-7987-4960-81C6-25538DFDCA91}.Debug|Any CPU.ActiveCfg = Debug|Any CPU
		{8E871211-7987-4960-81C6-25538DFDCA91}.Debug|Any CPU.Build.0 = Debug|Any CPU
		{8E871211-7987-4960-81C6-25538DFDCA91}.Debug|x64.ActiveCfg = Debug|x64
		{8E871211-7987-4960-81C6-25538DFDCA91}.Debug|x64.Build.0 = Debug|x64
		{8E871211-7987-4960-81C6-25538DFDCA91}.Debug|x86.ActiveCfg = Debug|x86
		{8E871211-7987-4960-81C6-25538DFDCA91}.Debug|x86.Build.0 = Debug|x86
		{8E871211-7987-4960-81C6-25538DFDCA91}.Release|Any CPU.ActiveCfg = Release|Any CPU
		{8E871211-7987-4960-81C6-25538DFDCA91}.Release|Any CPU.Build.0 = Release|Any CPU
		{8E871211-7987-4960-81C6-25538DFDCA91}.Release|x64.ActiveCfg = Release|x64
		{8E871211-7987-4960-81C6-25538DFDCA91}.Release|x64.Build.0 = Release|x64
		{8E871211-7987-4960-81C6-25538DFDCA91}.Release|x86.ActiveCfg = Release|x86
		{8E871211-7987-4960-81C6-25538DFDCA91}.Release|x86.Build.0 = Release|x86
		{762A6D4B-8BED-452F-89F8-9553F65728A0}.Debug|Any CPU.ActiveCfg = Debug|Any CPU
		{762A6D4B-8BED-452F-89F8-9553F65728A0}.Debug|Any CPU.Build.0 = Debug|Any CPU
		{762A6D4B-8BED-452F-89F8-9553F65728A0}.Debug|x64.ActiveCfg = Debug|x64
		{762A6D4B-8BED-452F-89F8-9553F65728A0}.Debug|x64.Build.0 = Debug|x64
		{762A6D4B-8BED-452F-89F8-9553F65728A0}.Debug|x86.ActiveCfg = Debug|x86
		{762A6D4B-8BED-452F-89F8-9553F65728A0}.Debug|x86.Build.0 = Debug|x86
		{762A6D4B-8BED-452F-89F8-9553F65728A0}.Release|Any CPU.ActiveCfg = Release|Any CPU
		{762A6D4B-8BED-452F-89F8-9553F65728A0}.Release|Any CPU.Build.0 = Release|Any CPU
		{762A6D4B-8BED-452F-89F8-9553F65728A0}.Release|x64.ActiveCfg = Release|x64
		{762A6D4B-8BED-452F-89F8-9553F65728A0}.Release|x64.Build.0 = Release|x64
		{762A6D4B-8BED-452F-89F8-9553F65728A0}.Release|x86.ActiveCfg = Release|x86
		{762A6D4B-8BED-452F-89F8-9553F65728A0}.Release|x86.Build.0 = Release|x86
		{481A2176-AEB7-4572-AA42-D37F90C71C3D}.Debug|Any CPU.ActiveCfg = Debug|Any CPU
		{481A2176-AEB7-4572-AA42-D37F90C71C3D}.Debug|Any CPU.Build.0 = Debug|Any CPU
		{481A2176-AEB7-4572-AA42-D37F90C71C3D}.Debug|x64.ActiveCfg = Debug|x64
		{481A2176-AEB7-4572-AA42-D37F90C71C3D}.Debug|x64.Build.0 = Debug|x64
		{481A2176-AEB7-4572-AA42-D37F90C71C3D}.Debug|x86.ActiveCfg = Debug|x86
		{481A2176-AEB7-4572-AA42-D37F90C71C3D}.Debug|x86.Build.0 = Debug|x86
		{481A2176-AEB7-4572-AA42-D37F90C71C3D}.Release|Any CPU.ActiveCfg = Release|Any CPU
		{481A2176-AEB7-4572-AA42-D37F90C71C3D}.Release|Any CPU.Build.0 = Release|Any CPU
		{481A2176-AEB7-4572-AA42-D37F90C71C3D}.Release|x64.ActiveCfg = Release|x64
		{481A2176-AEB7-4572-AA42-D37F90C71C3D}.Release|x64.Build.0 = Release|x64
		{481A2176-AEB7-4572-AA42-D37F90C71C3D}.Release|x86.ActiveCfg = Release|x86
		{481A2176-AEB7-4572-AA42-D37F90C71C3D}.Release|x86.Build.0 = Release|x86
		{B74FEC37-8453-438D-BBEB-C83EDAF6C1F7}.Debug|Any CPU.ActiveCfg = Debug|Any CPU
		{B74FEC37-8453-438D-BBEB-C83EDAF6C1F7}.Debug|Any CPU.Build.0 = Debug|Any CPU
		{B74FEC37-8453-438D-BBEB-C83EDAF6C1F7}.Debug|x64.ActiveCfg = Debug|x64
		{B74FEC37-8453-438D-BBEB-C83EDAF6C1F7}.Debug|x64.Build.0 = Debug|x64
		{B74FEC37-8453-438D-BBEB-C83EDAF6C1F7}.Debug|x86.ActiveCfg = Debug|x86
		{B74FEC37-8453-438D-BBEB-C83EDAF6C1F7}.Debug|x86.Build.0 = Debug|x86
		{B74FEC37-8453-438D-BBEB-C83EDAF6C1F7}.Release|Any CPU.ActiveCfg = Release|Any CPU
		{B74FEC37-8453-438D-BBEB-C83EDAF6C1F7}.Release|Any CPU.Build.0 = Release|Any CPU
		{B74FEC37-8453-438D-BBEB-C83EDAF6C1F7}.Release|x64.ActiveCfg = Release|x64
		{B74FEC37-8453-438D-BBEB-C83EDAF6C1F7}.Release|x64.Build.0 = Release|x64
		{B74FEC37-8453-438D-BBEB-C83EDAF6C1F7}.Release|x86.ActiveCfg = Release|x86
		{B74FEC37-8453-438D-BBEB-C83EDAF6C1F7}.Release|x86.Build.0 = Release|x86
		{1E81D7CB-019A-4E8A-B434-0CB08F338945}.Debug|Any CPU.ActiveCfg = Debug|Any CPU
		{1E81D7CB-019A-4E8A-B434-0CB08F338945}.Debug|Any CPU.Build.0 = Debug|Any CPU
		{1E81D7CB-019A-4E8A-B434-0CB08F338945}.Debug|x64.ActiveCfg = Debug|x64
		{1E81D7CB-019A-4E8A-B434-0CB08F338945}.Debug|x64.Build.0 = Debug|x64
		{1E81D7CB-019A-4E8A-B434-0CB08F338945}.Debug|x86.ActiveCfg = Debug|x86
		{1E81D7CB-019A-4E8A-B434-0CB08F338945}.Debug|x86.Build.0 = Debug|x86
		{1E81D7CB-019A-4E8A-B434-0CB08F338945}.Release|Any CPU.ActiveCfg = Release|Any CPU
		{1E81D7CB-019A-4E8A-B434-0CB08F338945}.Release|Any CPU.Build.0 = Release|Any CPU
		{1E81D7CB-019A-4E8A-B434-0CB08F338945}.Release|x64.ActiveCfg = Release|x64
		{1E81D7CB-019A-4E8A-B434-0CB08F338945}.Release|x64.Build.0 = Release|x64
		{1E81D7CB-019A-4E8A-B434-0CB08F338945}.Release|x86.ActiveCfg = Release|x86
		{1E81D7CB-019A-4E8A-B434-0CB08F338945}.Release|x86.Build.0 = Release|x86
		{66D95B2C-FDBB-4A5A-8165-0716E750B727}.Debug|Any CPU.ActiveCfg = Debug|Any CPU
		{66D95B2C-FDBB-4A5A-8165-0716E750B727}.Debug|Any CPU.Build.0 = Debug|Any CPU
		{66D95B2C-FDBB-4A5A-8165-0716E750B727}.Debug|x64.ActiveCfg = Debug|x64
		{66D95B2C-FDBB-4A5A-8165-0716E750B727}.Debug|x64.Build.0 = Debug|x64
		{66D95B2C-FDBB-4A5A-8165-0716E750B727}.Debug|x86.ActiveCfg = Debug|x86
		{66D95B2C-FDBB-4A5A-8165-0716E750B727}.Debug|x86.Build.0 = Debug|x86
		{66D95B2C-FDBB-4A5A-8165-0716E750B727}.Release|Any CPU.ActiveCfg = Release|Any CPU
		{66D95B2C-FDBB-4A5A-8165-0716E750B727}.Release|Any CPU.Build.0 = Release|Any CPU
		{66D95B2C-FDBB-4A5A-8165-0716E750B727}.Release|x64.ActiveCfg = Release|x64
		{66D95B2C-FDBB-4A5A-8165-0716E750B727}.Release|x64.Build.0 = Release|x64
		{66D95B2C-FDBB-4A5A-8165-0716E750B727}.Release|x86.ActiveCfg = Release|x86
		{66D95B2C-FDBB-4A5A-8165-0716E750B727}.Release|x86.Build.0 = Release|x86
		{D02EADBB-CFBC-49DB-822D-5599B767B4AB}.Debug|Any CPU.ActiveCfg = Debug|Any CPU
		{D02EADBB-CFBC-49DB-822D-5599B767B4AB}.Debug|Any CPU.Build.0 = Debug|Any CPU
		{D02EADBB-CFBC-49DB-822D-5599B767B4AB}.Debug|x64.ActiveCfg = Debug|x64
		{D02EADBB-CFBC-49DB-822D-5599B767B4AB}.Debug|x64.Build.0 = Debug|x64
		{D02EADBB-CFBC-49DB-822D-5599B767B4AB}.Debug|x86.ActiveCfg = Debug|x86
		{D02EADBB-CFBC-49DB-822D-5599B767B4AB}.Debug|x86.Build.0 = Debug|x86
		{D02EADBB-CFBC-49DB-822D-5599B767B4AB}.Release|Any CPU.ActiveCfg = Release|Any CPU
		{D02EADBB-CFBC-49DB-822D-5599B767B4AB}.Release|Any CPU.Build.0 = Release|Any CPU
		{D02EADBB-CFBC-49DB-822D-5599B767B4AB}.Release|x64.ActiveCfg = Release|x64
		{D02EADBB-CFBC-49DB-822D-5599B767B4AB}.Release|x64.Build.0 = Release|x64
		{D02EADBB-CFBC-49DB-822D-5599B767B4AB}.Release|x86.ActiveCfg = Release|x86
		{D02EADBB-CFBC-49DB-822D-5599B767B4AB}.Release|x86.Build.0 = Release|x86
		{36BE1E62-372B-4F98-A840-4299324389E0}.Debug|Any CPU.ActiveCfg = Debug|Any CPU
		{36BE1E62-372B-4F98-A840-4299324389E0}.Debug|Any CPU.Build.0 = Debug|Any CPU
		{36BE1E62-372B-4F98-A840-4299324389E0}.Debug|x64.ActiveCfg = Debug|x64
		{36BE1E62-372B-4F98-A840-4299324389E0}.Debug|x64.Build.0 = Debug|x64
		{36BE1E62-372B-4F98-A840-4299324389E0}.Debug|x86.ActiveCfg = Debug|x86
		{36BE1E62-372B-4F98-A840-4299324389E0}.Debug|x86.Build.0 = Debug|x86
		{36BE1E62-372B-4F98-A840-4299324389E0}.Release|Any CPU.ActiveCfg = Release|Any CPU
		{36BE1E62-372B-4F98-A840-4299324389E0}.Release|Any CPU.Build.0 = Release|Any CPU
		{36BE1E62-372B-4F98-A840-4299324389E0}.Release|x64.ActiveCfg = Release|x64
		{36BE1E62-372B-4F98-A840-4299324389E0}.Release|x64.Build.0 = Release|x64
		{36BE1E62-372B-4F98-A840-4299324389E0}.Release|x86.ActiveCfg = Release|x86
		{36BE1E62-372B-4F98-A840-4299324389E0}.Release|x86.Build.0 = Release|x86
		{300CC669-5648-46E5-ADC0-00758DE4420C}.Debug|Any CPU.ActiveCfg = Debug|Any CPU
		{300CC669-5648-46E5-ADC0-00758DE4420C}.Debug|Any CPU.Build.0 = Debug|Any CPU
		{300CC669-5648-46E5-ADC0-00758DE4420C}.Debug|x64.ActiveCfg = Debug|x64
		{300CC669-5648-46E5-ADC0-00758DE4420C}.Debug|x64.Build.0 = Debug|x64
		{300CC669-5648-46E5-ADC0-00758DE4420C}.Debug|x86.ActiveCfg = Debug|x86
		{300CC669-5648-46E5-ADC0-00758DE4420C}.Debug|x86.Build.0 = Debug|x86
		{300CC669-5648-46E5-ADC0-00758DE4420C}.Release|Any CPU.ActiveCfg = Release|Any CPU
		{300CC669-5648-46E5-ADC0-00758DE4420C}.Release|Any CPU.Build.0 = Release|Any CPU
		{300CC669-5648-46E5-ADC0-00758DE4420C}.Release|x64.ActiveCfg = Release|x64
		{300CC669-5648-46E5-ADC0-00758DE4420C}.Release|x64.Build.0 = Release|x64
		{300CC669-5648-46E5-ADC0-00758DE4420C}.Release|x86.ActiveCfg = Release|x86
		{300CC669-5648-46E5-ADC0-00758DE4420C}.Release|x86.Build.0 = Release|x86
		{E0B4DC38-DCA7-44EE-BA26-9A1B41800351}.Debug|Any CPU.ActiveCfg = Debug|Any CPU
		{E0B4DC38-DCA7-44EE-BA26-9A1B41800351}.Debug|Any CPU.Build.0 = Debug|Any CPU
		{E0B4DC38-DCA7-44EE-BA26-9A1B41800351}.Debug|x64.ActiveCfg = Debug|x64
		{E0B4DC38-DCA7-44EE-BA26-9A1B41800351}.Debug|x64.Build.0 = Debug|x64
		{E0B4DC38-DCA7-44EE-BA26-9A1B41800351}.Debug|x86.ActiveCfg = Debug|x86
		{E0B4DC38-DCA7-44EE-BA26-9A1B41800351}.Debug|x86.Build.0 = Debug|x86
		{E0B4DC38-DCA7-44EE-BA26-9A1B41800351}.Release|Any CPU.ActiveCfg = Release|Any CPU
		{E0B4DC38-DCA7-44EE-BA26-9A1B41800351}.Release|Any CPU.Build.0 = Release|Any CPU
		{E0B4DC38-DCA7-44EE-BA26-9A1B41800351}.Release|x64.ActiveCfg = Release|x64
		{E0B4DC38-DCA7-44EE-BA26-9A1B41800351}.Release|x64.Build.0 = Release|x64
		{E0B4DC38-DCA7-44EE-BA26-9A1B41800351}.Release|x86.ActiveCfg = Release|x86
		{E0B4DC38-DCA7-44EE-BA26-9A1B41800351}.Release|x86.Build.0 = Release|x86
		{60906749-74A0-4D56-8C2F-4FB2DA418287}.Debug|Any CPU.ActiveCfg = Debug|Any CPU
		{60906749-74A0-4D56-8C2F-4FB2DA418287}.Debug|Any CPU.Build.0 = Debug|Any CPU
		{60906749-74A0-4D56-8C2F-4FB2DA418287}.Debug|x64.ActiveCfg = Debug|x64
		{60906749-74A0-4D56-8C2F-4FB2DA418287}.Debug|x64.Build.0 = Debug|x64
		{60906749-74A0-4D56-8C2F-4FB2DA418287}.Debug|x86.ActiveCfg = Debug|x86
		{60906749-74A0-4D56-8C2F-4FB2DA418287}.Debug|x86.Build.0 = Debug|x86
		{60906749-74A0-4D56-8C2F-4FB2DA418287}.Release|Any CPU.ActiveCfg = Release|Any CPU
		{60906749-74A0-4D56-8C2F-4FB2DA418287}.Release|Any CPU.Build.0 = Release|Any CPU
		{60906749-74A0-4D56-8C2F-4FB2DA418287}.Release|x64.ActiveCfg = Release|x64
		{60906749-74A0-4D56-8C2F-4FB2DA418287}.Release|x64.Build.0 = Release|x64
		{60906749-74A0-4D56-8C2F-4FB2DA418287}.Release|x86.ActiveCfg = Release|x86
		{60906749-74A0-4D56-8C2F-4FB2DA418287}.Release|x86.Build.0 = Release|x86
		{88016527-F069-463C-A08B-526DEF493CD9}.Debug|Any CPU.ActiveCfg = Debug|Any CPU
		{88016527-F069-463C-A08B-526DEF493CD9}.Debug|Any CPU.Build.0 = Debug|Any CPU
		{88016527-F069-463C-A08B-526DEF493CD9}.Debug|x64.ActiveCfg = Debug|x64
		{88016527-F069-463C-A08B-526DEF493CD9}.Debug|x64.Build.0 = Debug|x64
		{88016527-F069-463C-A08B-526DEF493CD9}.Debug|x86.ActiveCfg = Debug|x86
		{88016527-F069-463C-A08B-526DEF493CD9}.Debug|x86.Build.0 = Debug|x86
		{88016527-F069-463C-A08B-526DEF493CD9}.Release|Any CPU.ActiveCfg = Release|Any CPU
		{88016527-F069-463C-A08B-526DEF493CD9}.Release|Any CPU.Build.0 = Release|Any CPU
		{88016527-F069-463C-A08B-526DEF493CD9}.Release|x64.ActiveCfg = Release|x64
		{88016527-F069-463C-A08B-526DEF493CD9}.Release|x64.Build.0 = Release|x64
		{88016527-F069-463C-A08B-526DEF493CD9}.Release|x86.ActiveCfg = Release|x86
		{88016527-F069-463C-A08B-526DEF493CD9}.Release|x86.Build.0 = Release|x86
		{118B7A09-52CB-4E50-9D40-FC18858BF0B7}.Debug|Any CPU.ActiveCfg = Debug|Any CPU
		{118B7A09-52CB-4E50-9D40-FC18858BF0B7}.Debug|Any CPU.Build.0 = Debug|Any CPU
		{118B7A09-52CB-4E50-9D40-FC18858BF0B7}.Debug|x64.ActiveCfg = Debug|x64
		{118B7A09-52CB-4E50-9D40-FC18858BF0B7}.Debug|x64.Build.0 = Debug|x64
		{118B7A09-52CB-4E50-9D40-FC18858BF0B7}.Debug|x86.ActiveCfg = Debug|x86
		{118B7A09-52CB-4E50-9D40-FC18858BF0B7}.Debug|x86.Build.0 = Debug|x86
		{118B7A09-52CB-4E50-9D40-FC18858BF0B7}.Release|Any CPU.ActiveCfg = Release|Any CPU
		{118B7A09-52CB-4E50-9D40-FC18858BF0B7}.Release|Any CPU.Build.0 = Release|Any CPU
		{118B7A09-52CB-4E50-9D40-FC18858BF0B7}.Release|x64.ActiveCfg = Release|x64
		{118B7A09-52CB-4E50-9D40-FC18858BF0B7}.Release|x64.Build.0 = Release|x64
		{118B7A09-52CB-4E50-9D40-FC18858BF0B7}.Release|x86.ActiveCfg = Release|x86
		{118B7A09-52CB-4E50-9D40-FC18858BF0B7}.Release|x86.Build.0 = Release|x86
		{C6F61611-F9A1-41C5-BEFA-76D526889F33}.Debug|Any CPU.ActiveCfg = Debug|Any CPU
		{C6F61611-F9A1-41C5-BEFA-76D526889F33}.Debug|Any CPU.Build.0 = Debug|Any CPU
		{C6F61611-F9A1-41C5-BEFA-76D526889F33}.Debug|x64.ActiveCfg = Debug|x64
		{C6F61611-F9A1-41C5-BEFA-76D526889F33}.Debug|x64.Build.0 = Debug|x64
		{C6F61611-F9A1-41C5-BEFA-76D526889F33}.Debug|x86.ActiveCfg = Debug|x86
		{C6F61611-F9A1-41C5-BEFA-76D526889F33}.Debug|x86.Build.0 = Debug|x86
		{C6F61611-F9A1-41C5-BEFA-76D526889F33}.Release|Any CPU.ActiveCfg = Release|Any CPU
		{C6F61611-F9A1-41C5-BEFA-76D526889F33}.Release|Any CPU.Build.0 = Release|Any CPU
		{C6F61611-F9A1-41C5-BEFA-76D526889F33}.Release|x64.ActiveCfg = Release|x64
		{C6F61611-F9A1-41C5-BEFA-76D526889F33}.Release|x64.Build.0 = Release|x64
		{C6F61611-F9A1-41C5-BEFA-76D526889F33}.Release|x86.ActiveCfg = Release|x86
		{C6F61611-F9A1-41C5-BEFA-76D526889F33}.Release|x86.Build.0 = Release|x86
		{DC93C21E-F3DD-4255-8E84-9456ED6C7806}.Debug|Any CPU.ActiveCfg = Debug|Any CPU
		{DC93C21E-F3DD-4255-8E84-9456ED6C7806}.Debug|Any CPU.Build.0 = Debug|Any CPU
		{DC93C21E-F3DD-4255-8E84-9456ED6C7806}.Debug|x64.ActiveCfg = Debug|x64
		{DC93C21E-F3DD-4255-8E84-9456ED6C7806}.Debug|x64.Build.0 = Debug|x64
		{DC93C21E-F3DD-4255-8E84-9456ED6C7806}.Debug|x86.ActiveCfg = Debug|x86
		{DC93C21E-F3DD-4255-8E84-9456ED6C7806}.Debug|x86.Build.0 = Debug|x86
		{DC93C21E-F3DD-4255-8E84-9456ED6C7806}.Release|Any CPU.ActiveCfg = Release|Any CPU
		{DC93C21E-F3DD-4255-8E84-9456ED6C7806}.Release|Any CPU.Build.0 = Release|Any CPU
		{DC93C21E-F3DD-4255-8E84-9456ED6C7806}.Release|x64.ActiveCfg = Release|x64
		{DC93C21E-F3DD-4255-8E84-9456ED6C7806}.Release|x64.Build.0 = Release|x64
		{DC93C21E-F3DD-4255-8E84-9456ED6C7806}.Release|x86.ActiveCfg = Release|x86
		{DC93C21E-F3DD-4255-8E84-9456ED6C7806}.Release|x86.Build.0 = Release|x86
		{8385DC58-62FD-4CC2-9AFC-77BD57192513}.Debug|Any CPU.ActiveCfg = Debug|Any CPU
		{8385DC58-62FD-4CC2-9AFC-77BD57192513}.Debug|Any CPU.Build.0 = Debug|Any CPU
		{8385DC58-62FD-4CC2-9AFC-77BD57192513}.Debug|x64.ActiveCfg = Debug|x64
		{8385DC58-62FD-4CC2-9AFC-77BD57192513}.Debug|x64.Build.0 = Debug|x64
		{8385DC58-62FD-4CC2-9AFC-77BD57192513}.Debug|x86.ActiveCfg = Debug|x86
		{8385DC58-62FD-4CC2-9AFC-77BD57192513}.Debug|x86.Build.0 = Debug|x86
		{8385DC58-62FD-4CC2-9AFC-77BD57192513}.Release|Any CPU.ActiveCfg = Release|Any CPU
		{8385DC58-62FD-4CC2-9AFC-77BD57192513}.Release|Any CPU.Build.0 = Release|Any CPU
		{8385DC58-62FD-4CC2-9AFC-77BD57192513}.Release|x64.ActiveCfg = Release|x64
		{8385DC58-62FD-4CC2-9AFC-77BD57192513}.Release|x64.Build.0 = Release|x64
		{8385DC58-62FD-4CC2-9AFC-77BD57192513}.Release|x86.ActiveCfg = Release|x86
		{8385DC58-62FD-4CC2-9AFC-77BD57192513}.Release|x86.Build.0 = Release|x86
		{74808A94-2806-4A96-B372-94831B10376B}.Debug|Any CPU.ActiveCfg = Debug|Any CPU
		{74808A94-2806-4A96-B372-94831B10376B}.Debug|Any CPU.Build.0 = Debug|Any CPU
		{74808A94-2806-4A96-B372-94831B10376B}.Debug|x64.ActiveCfg = Debug|x64
		{74808A94-2806-4A96-B372-94831B10376B}.Debug|x64.Build.0 = Debug|x64
		{74808A94-2806-4A96-B372-94831B10376B}.Debug|x86.ActiveCfg = Debug|x86
		{74808A94-2806-4A96-B372-94831B10376B}.Debug|x86.Build.0 = Debug|x86
		{74808A94-2806-4A96-B372-94831B10376B}.Release|Any CPU.ActiveCfg = Release|Any CPU
		{74808A94-2806-4A96-B372-94831B10376B}.Release|Any CPU.Build.0 = Release|Any CPU
		{74808A94-2806-4A96-B372-94831B10376B}.Release|x64.ActiveCfg = Release|x64
		{74808A94-2806-4A96-B372-94831B10376B}.Release|x64.Build.0 = Release|x64
		{74808A94-2806-4A96-B372-94831B10376B}.Release|x86.ActiveCfg = Release|x86
		{74808A94-2806-4A96-B372-94831B10376B}.Release|x86.Build.0 = Release|x86
		{262F7EE4-D1A9-427F-BE0C-E7500551B73D}.Debug|Any CPU.ActiveCfg = Debug|Any CPU
		{262F7EE4-D1A9-427F-BE0C-E7500551B73D}.Debug|Any CPU.Build.0 = Debug|Any CPU
		{262F7EE4-D1A9-427F-BE0C-E7500551B73D}.Debug|x64.ActiveCfg = Debug|x64
		{262F7EE4-D1A9-427F-BE0C-E7500551B73D}.Debug|x64.Build.0 = Debug|x64
		{262F7EE4-D1A9-427F-BE0C-E7500551B73D}.Debug|x86.ActiveCfg = Debug|x86
		{262F7EE4-D1A9-427F-BE0C-E7500551B73D}.Debug|x86.Build.0 = Debug|x86
		{262F7EE4-D1A9-427F-BE0C-E7500551B73D}.Release|Any CPU.ActiveCfg = Release|Any CPU
		{262F7EE4-D1A9-427F-BE0C-E7500551B73D}.Release|Any CPU.Build.0 = Release|Any CPU
		{262F7EE4-D1A9-427F-BE0C-E7500551B73D}.Release|x64.ActiveCfg = Release|x64
		{262F7EE4-D1A9-427F-BE0C-E7500551B73D}.Release|x64.Build.0 = Release|x64
		{262F7EE4-D1A9-427F-BE0C-E7500551B73D}.Release|x86.ActiveCfg = Release|x86
		{262F7EE4-D1A9-427F-BE0C-E7500551B73D}.Release|x86.Build.0 = Release|x86
		{EE1531ED-8371-4788-8DB4-2335CC760AAC}.Debug|Any CPU.ActiveCfg = Debug|Any CPU
		{EE1531ED-8371-4788-8DB4-2335CC760AAC}.Debug|Any CPU.Build.0 = Debug|Any CPU
		{EE1531ED-8371-4788-8DB4-2335CC760AAC}.Debug|x64.ActiveCfg = Debug|x64
		{EE1531ED-8371-4788-8DB4-2335CC760AAC}.Debug|x64.Build.0 = Debug|x64
		{EE1531ED-8371-4788-8DB4-2335CC760AAC}.Debug|x86.ActiveCfg = Debug|x86
		{EE1531ED-8371-4788-8DB4-2335CC760AAC}.Debug|x86.Build.0 = Debug|x86
		{EE1531ED-8371-4788-8DB4-2335CC760AAC}.Release|Any CPU.ActiveCfg = Release|Any CPU
		{EE1531ED-8371-4788-8DB4-2335CC760AAC}.Release|Any CPU.Build.0 = Release|Any CPU
		{EE1531ED-8371-4788-8DB4-2335CC760AAC}.Release|x64.ActiveCfg = Release|x64
		{EE1531ED-8371-4788-8DB4-2335CC760AAC}.Release|x64.Build.0 = Release|x64
		{EE1531ED-8371-4788-8DB4-2335CC760AAC}.Release|x86.ActiveCfg = Release|x86
		{EE1531ED-8371-4788-8DB4-2335CC760AAC}.Release|x86.Build.0 = Release|x86
		{D81F86F2-5CF2-47AB-8BB4-5DE946B9B8D8}.Debug|Any CPU.ActiveCfg = Debug|Any CPU
		{D81F86F2-5CF2-47AB-8BB4-5DE946B9B8D8}.Debug|Any CPU.Build.0 = Debug|Any CPU
		{D81F86F2-5CF2-47AB-8BB4-5DE946B9B8D8}.Debug|x64.ActiveCfg = Debug|x64
		{D81F86F2-5CF2-47AB-8BB4-5DE946B9B8D8}.Debug|x64.Build.0 = Debug|x64
		{D81F86F2-5CF2-47AB-8BB4-5DE946B9B8D8}.Debug|x86.ActiveCfg = Debug|x86
		{D81F86F2-5CF2-47AB-8BB4-5DE946B9B8D8}.Debug|x86.Build.0 = Debug|x86
		{D81F86F2-5CF2-47AB-8BB4-5DE946B9B8D8}.Release|Any CPU.ActiveCfg = Release|Any CPU
		{D81F86F2-5CF2-47AB-8BB4-5DE946B9B8D8}.Release|Any CPU.Build.0 = Release|Any CPU
		{D81F86F2-5CF2-47AB-8BB4-5DE946B9B8D8}.Release|x64.ActiveCfg = Release|x64
		{D81F86F2-5CF2-47AB-8BB4-5DE946B9B8D8}.Release|x64.Build.0 = Release|x64
		{D81F86F2-5CF2-47AB-8BB4-5DE946B9B8D8}.Release|x86.ActiveCfg = Release|x86
		{D81F86F2-5CF2-47AB-8BB4-5DE946B9B8D8}.Release|x86.Build.0 = Release|x86
		{1D3048E6-C630-4AD8-A732-2B278C4B8159}.Debug|Any CPU.ActiveCfg = Debug|Any CPU
		{1D3048E6-C630-4AD8-A732-2B278C4B8159}.Debug|Any CPU.Build.0 = Debug|Any CPU
		{1D3048E6-C630-4AD8-A732-2B278C4B8159}.Debug|x64.ActiveCfg = Debug|x64
		{1D3048E6-C630-4AD8-A732-2B278C4B8159}.Debug|x64.Build.0 = Debug|x64
		{1D3048E6-C630-4AD8-A732-2B278C4B8159}.Debug|x86.ActiveCfg = Debug|x86
		{1D3048E6-C630-4AD8-A732-2B278C4B8159}.Debug|x86.Build.0 = Debug|x86
		{1D3048E6-C630-4AD8-A732-2B278C4B8159}.Release|Any CPU.ActiveCfg = Release|Any CPU
		{1D3048E6-C630-4AD8-A732-2B278C4B8159}.Release|Any CPU.Build.0 = Release|Any CPU
		{1D3048E6-C630-4AD8-A732-2B278C4B8159}.Release|x64.ActiveCfg = Release|x64
		{1D3048E6-C630-4AD8-A732-2B278C4B8159}.Release|x64.Build.0 = Release|x64
		{1D3048E6-C630-4AD8-A732-2B278C4B8159}.Release|x86.ActiveCfg = Release|x86
		{1D3048E6-C630-4AD8-A732-2B278C4B8159}.Release|x86.Build.0 = Release|x86
		{B0E00610-311E-479B-841F-1C4E0B2D8F51}.Debug|Any CPU.ActiveCfg = Debug|Any CPU
		{B0E00610-311E-479B-841F-1C4E0B2D8F51}.Debug|Any CPU.Build.0 = Debug|Any CPU
		{B0E00610-311E-479B-841F-1C4E0B2D8F51}.Debug|x64.ActiveCfg = Debug|x64
		{B0E00610-311E-479B-841F-1C4E0B2D8F51}.Debug|x64.Build.0 = Debug|x64
		{B0E00610-311E-479B-841F-1C4E0B2D8F51}.Debug|x86.ActiveCfg = Debug|x86
		{B0E00610-311E-479B-841F-1C4E0B2D8F51}.Debug|x86.Build.0 = Debug|x86
		{B0E00610-311E-479B-841F-1C4E0B2D8F51}.Release|Any CPU.ActiveCfg = Release|Any CPU
		{B0E00610-311E-479B-841F-1C4E0B2D8F51}.Release|Any CPU.Build.0 = Release|Any CPU
		{B0E00610-311E-479B-841F-1C4E0B2D8F51}.Release|x64.ActiveCfg = Release|x64
		{B0E00610-311E-479B-841F-1C4E0B2D8F51}.Release|x64.Build.0 = Release|x64
		{B0E00610-311E-479B-841F-1C4E0B2D8F51}.Release|x86.ActiveCfg = Release|x86
		{B0E00610-311E-479B-841F-1C4E0B2D8F51}.Release|x86.Build.0 = Release|x86
		{D4DA9F3E-2F77-49AE-8504-ED4256F31016}.Debug|Any CPU.ActiveCfg = Debug|Any CPU
		{D4DA9F3E-2F77-49AE-8504-ED4256F31016}.Debug|Any CPU.Build.0 = Debug|Any CPU
		{D4DA9F3E-2F77-49AE-8504-ED4256F31016}.Debug|x64.ActiveCfg = Debug|x64
		{D4DA9F3E-2F77-49AE-8504-ED4256F31016}.Debug|x64.Build.0 = Debug|x64
		{D4DA9F3E-2F77-49AE-8504-ED4256F31016}.Debug|x86.ActiveCfg = Debug|x86
		{D4DA9F3E-2F77-49AE-8504-ED4256F31016}.Debug|x86.Build.0 = Debug|x86
		{D4DA9F3E-2F77-49AE-8504-ED4256F31016}.Release|Any CPU.ActiveCfg = Release|Any CPU
		{D4DA9F3E-2F77-49AE-8504-ED4256F31016}.Release|Any CPU.Build.0 = Release|Any CPU
		{D4DA9F3E-2F77-49AE-8504-ED4256F31016}.Release|x64.ActiveCfg = Release|x64
		{D4DA9F3E-2F77-49AE-8504-ED4256F31016}.Release|x64.Build.0 = Release|x64
		{D4DA9F3E-2F77-49AE-8504-ED4256F31016}.Release|x86.ActiveCfg = Release|x86
		{D4DA9F3E-2F77-49AE-8504-ED4256F31016}.Release|x86.Build.0 = Release|x86
		{A30020B6-7656-469E-8DA8-33BD5311A9A3}.Debug|Any CPU.ActiveCfg = Debug|Any CPU
		{A30020B6-7656-469E-8DA8-33BD5311A9A3}.Debug|Any CPU.Build.0 = Debug|Any CPU
		{A30020B6-7656-469E-8DA8-33BD5311A9A3}.Debug|x64.ActiveCfg = Debug|x64
		{A30020B6-7656-469E-8DA8-33BD5311A9A3}.Debug|x64.Build.0 = Debug|x64
		{A30020B6-7656-469E-8DA8-33BD5311A9A3}.Debug|x86.ActiveCfg = Debug|x86
		{A30020B6-7656-469E-8DA8-33BD5311A9A3}.Debug|x86.Build.0 = Debug|x86
		{A30020B6-7656-469E-8DA8-33BD5311A9A3}.Release|Any CPU.ActiveCfg = Release|Any CPU
		{A30020B6-7656-469E-8DA8-33BD5311A9A3}.Release|Any CPU.Build.0 = Release|Any CPU
		{A30020B6-7656-469E-8DA8-33BD5311A9A3}.Release|x64.ActiveCfg = Release|x64
		{A30020B6-7656-469E-8DA8-33BD5311A9A3}.Release|x64.Build.0 = Release|x64
		{A30020B6-7656-469E-8DA8-33BD5311A9A3}.Release|x86.ActiveCfg = Release|x86
		{A30020B6-7656-469E-8DA8-33BD5311A9A3}.Release|x86.Build.0 = Release|x86
		{44101EED-127C-4FED-88EB-942588558B28}.Debug|Any CPU.ActiveCfg = Debug|Any CPU
		{44101EED-127C-4FED-88EB-942588558B28}.Debug|Any CPU.Build.0 = Debug|Any CPU
		{44101EED-127C-4FED-88EB-942588558B28}.Debug|x64.ActiveCfg = Debug|x64
		{44101EED-127C-4FED-88EB-942588558B28}.Debug|x64.Build.0 = Debug|x64
		{44101EED-127C-4FED-88EB-942588558B28}.Debug|x86.ActiveCfg = Debug|x86
		{44101EED-127C-4FED-88EB-942588558B28}.Debug|x86.Build.0 = Debug|x86
		{44101EED-127C-4FED-88EB-942588558B28}.Release|Any CPU.ActiveCfg = Release|Any CPU
		{44101EED-127C-4FED-88EB-942588558B28}.Release|Any CPU.Build.0 = Release|Any CPU
		{44101EED-127C-4FED-88EB-942588558B28}.Release|x64.ActiveCfg = Release|x64
		{44101EED-127C-4FED-88EB-942588558B28}.Release|x64.Build.0 = Release|x64
		{44101EED-127C-4FED-88EB-942588558B28}.Release|x86.ActiveCfg = Release|x86
		{44101EED-127C-4FED-88EB-942588558B28}.Release|x86.Build.0 = Release|x86
		{38B122BA-02CC-4770-8B60-A5904D056F11}.Debug|Any CPU.ActiveCfg = Debug|Any CPU
		{38B122BA-02CC-4770-8B60-A5904D056F11}.Debug|Any CPU.Build.0 = Debug|Any CPU
		{38B122BA-02CC-4770-8B60-A5904D056F11}.Debug|x64.ActiveCfg = Debug|x64
		{38B122BA-02CC-4770-8B60-A5904D056F11}.Debug|x64.Build.0 = Debug|x64
		{38B122BA-02CC-4770-8B60-A5904D056F11}.Debug|x86.ActiveCfg = Debug|x86
		{38B122BA-02CC-4770-8B60-A5904D056F11}.Debug|x86.Build.0 = Debug|x86
		{38B122BA-02CC-4770-8B60-A5904D056F11}.Release|Any CPU.ActiveCfg = Release|Any CPU
		{38B122BA-02CC-4770-8B60-A5904D056F11}.Release|Any CPU.Build.0 = Release|Any CPU
		{38B122BA-02CC-4770-8B60-A5904D056F11}.Release|x64.ActiveCfg = Release|x64
		{38B122BA-02CC-4770-8B60-A5904D056F11}.Release|x64.Build.0 = Release|x64
		{38B122BA-02CC-4770-8B60-A5904D056F11}.Release|x86.ActiveCfg = Release|x86
		{38B122BA-02CC-4770-8B60-A5904D056F11}.Release|x86.Build.0 = Release|x86
	EndGlobalSection
	GlobalSection(SolutionProperties) = preSolution
		HideSolutionNode = FALSE
	EndGlobalSection
	GlobalSection(ExtensibilityGlobals) = postSolution
		SolutionGuid = {3EC63A89-0035-459D-88E5-77360800968F}
	EndGlobalSection
EndGlobal
