
Microsoft Visual Studio Solution File, Format Version 12.00
# Visual Studio Version 16
VisualStudioVersion = 16.0.31205.134
MinimumVisualStudioVersion = 10.0.40219.1
Project("{FAE04EC0-301F-11D3-BF4B-00C04F79EFBC}") = "AdventOfCode", "..\AdventOfCode\AdventOfCode\AdventOfCode.csproj", "{EBB07FE7-14EF-48B0-8B9F-F26E1948E0A1}"
	ProjectSection(ProjectDependencies) = postProject
		{66D95B2C-FDBB-4A5A-8165-0716E750B727} = {66D95B2C-FDBB-4A5A-8165-0716E750B727}
		{B74FEC37-8453-438D-BBEB-C83EDAF6C1F7} = {B74FEC37-8453-438D-BBEB-C83EDAF6C1F7}
		{E0B4DC38-DCA7-44EE-BA26-9A1B41800351} = {E0B4DC38-DCA7-44EE-BA26-9A1B41800351}
		{762A6D4B-8BED-452F-89F8-9553F65728A0} = {762A6D4B-8BED-452F-89F8-9553F65728A0}
		{36BE1E62-372B-4F98-A840-4299324389E0} = {36BE1E62-372B-4F98-A840-4299324389E0}
		{300CC669-5648-46E5-ADC0-00758DE4420C} = {300CC669-5648-46E5-ADC0-00758DE4420C}
		{481A2176-AEB7-4572-AA42-D37F90C71C3D} = {481A2176-AEB7-4572-AA42-D37F90C71C3D}
		{D02EADBB-CFBC-49DB-822D-5599B767B4AB} = {D02EADBB-CFBC-49DB-822D-5599B767B4AB}
		{1E81D7CB-019A-4E8A-B434-0CB08F338945} = {1E81D7CB-019A-4E8A-B434-0CB08F338945}
	EndProjectSection
EndProject
Project("{FAE04EC0-301F-11D3-BF4B-00C04F79EFBC}") = "Interfaces", "..\AdventOfCode\Interfaces\Interfaces.csproj", "{8E871211-7987-4960-81C6-25538DFDCA91}"
EndProject
Project("{FAE04EC0-301F-11D3-BF4B-00C04F79EFBC}") = "SolverAOC2021_01", "SolverAOC2021_01\SolverAOC2021_01.csproj", "{762A6D4B-8BED-452F-89F8-9553F65728A0}"
EndProject
Project("{FAE04EC0-301F-11D3-BF4B-00C04F79EFBC}") = "SolverAOC2021_02", "SolverAOC2021_02\SolverAOC2021_02.csproj", "{481A2176-AEB7-4572-AA42-D37F90C71C3D}"
EndProject
Project("{FAE04EC0-301F-11D3-BF4B-00C04F79EFBC}") = "SolverAOC2021_03", "SolverAOC2021_03\SolverAOC2021_03.csproj", "{B74FEC37-8453-438D-BBEB-C83EDAF6C1F7}"
EndProject
Project("{FAE04EC0-301F-11D3-BF4B-00C04F79EFBC}") = "SolverAOC2021_04", "SolverAOC2021_04\SolverAOC2021_04.csproj", "{1E81D7CB-019A-4E8A-B434-0CB08F338945}"
EndProject
Project("{FAE04EC0-301F-11D3-BF4B-00C04F79EFBC}") = "SolverAOC2021_05", "SolverAOC2021_05\SolverAOC2021_05.csproj", "{66D95B2C-FDBB-4A5A-8165-0716E750B727}"
EndProject
Project("{FAE04EC0-301F-11D3-BF4B-00C04F79EFBC}") = "SolverAOC2021_06", "SolverAOC2021_06\SolverAOC2021_06.csproj", "{D02EADBB-CFBC-49DB-822D-5599B767B4AB}"
EndProject
Project("{FAE04EC0-301F-11D3-BF4B-00C04F79EFBC}") = "SolverAOC2021_07", "SolverAOC2021_07\SolverAOC2021_07.csproj", "{36BE1E62-372B-4F98-A840-4299324389E0}"
EndProject
Project("{FAE04EC0-301F-11D3-BF4B-00C04F79EFBC}") = "SolverAOC2021_08", "SolverAOC2021_08\SolverAOC2021_08.csproj", "{300CC669-5648-46E5-ADC0-00758DE4420C}"
EndProject
Project("{FAE04EC0-301F-11D3-BF4B-00C04F79EFBC}") = "SolverAOC2021_09", "SolverAOC2021_09\SolverAOC2021_09.csproj", "{E0B4DC38-DCA7-44EE-BA26-9A1B41800351}"
EndProject
Global
	GlobalSection(SolutionConfigurationPlatforms) = preSolution
		Debug|Any CPU = Debug|Any CPU
		Debug|x64 = Debug|x64
		Debug|x86 = Debug|x86
		Release|Any CPU = Release|Any CPU
		Release|x64 = Release|x64
		Release|x86 = Release|x86
	EndGlobalSection
	GlobalSection(ProjectConfigurationPlatforms) = postSolution
		{EBB07FE7-14EF-48B0-8B9F-F26E1948E0A1}.Debug|Any CPU.ActiveCfg = Debug|Any CPU
		{EBB07FE7-14EF-48B0-8B9F-F26E1948E0A1}.Debug|Any CPU.Build.0 = Debug|Any CPU
		{EBB07FE7-14EF-48B0-8B9F-F26E1948E0A1}.Debug|x64.ActiveCfg = Debug|x64
		{EBB07FE7-14EF-48B0-8B9F-F26E1948E0A1}.Debug|x64.Build.0 = Debug|x64
		{EBB07FE7-14EF-48B0-8B9F-F26E1948E0A1}.Debug|x86.ActiveCfg = Debug|x86
		{EBB07FE7-14EF-48B0-8B9F-F26E1948E0A1}.Debug|x86.Build.0 = Debug|x86
		{EBB07FE7-14EF-48B0-8B9F-F26E1948E0A1}.Release|Any CPU.ActiveCfg = Release|Any CPU
		{EBB07FE7-14EF-48B0-8B9F-F26E1948E0A1}.Release|Any CPU.Build.0 = Release|Any CPU
		{EBB07FE7-14EF-48B0-8B9F-F26E1948E0A1}.Release|x64.ActiveCfg = Release|x64
		{EBB07FE7-14EF-48B0-8B9F-F26E1948E0A1}.Release|x64.Build.0 = Release|x64
		{EBB07FE7-14EF-48B0-8B9F-F26E1948E0A1}.Release|x86.ActiveCfg = Release|x86
		{EBB07FE7-14EF-48B0-8B9F-F26E1948E0A1}.Release|x86.Build.0 = Release|x86
		{8E871211-7987-4960-81C6-25538DFDCA91}.Debug|Any CPU.ActiveCfg = Debug|Any CPU
		{8E871211-7987-4960-81C6-25538DFDCA91}.Debug|Any CPU.Build.0 = Debug|Any CPU
		{8E871211-7987-4960-81C6-25538DFDCA91}.Debug|x64.ActiveCfg = Debug|x64
		{8E871211-7987-4960-81C6-25538DFDCA91}.Debug|x64.Build.0 = Debug|x64
		{8E871211-7987-4960-81C6-25538DFDCA91}.Debug|x86.ActiveCfg = Debug|x86
		{8E871211-7987-4960-81C6-25538DFDCA91}.Debug|x86.Build.0 = Debug|x86
		{8E871211-7987-4960-81C6-25538DFDCA91}.Release|Any CPU.ActiveCfg = Release|Any CPU
		{8E871211-7987-4960-81C6-25538DFDCA91}.Release|Any CPU.Build.0 = Release|Any CPU
		{8E871211-7987-4960-81C6-25538DFDCA91}.Release|x64.ActiveCfg = Release|x64
		{8E871211-7987-4960-81C6-25538DFDCA91}.Release|x64.Build.0 = Release|x64
		{8E871211-7987-4960-81C6-25538DFDCA91}.Release|x86.ActiveCfg = Release|x86
		{8E871211-7987-4960-81C6-25538DFDCA91}.Release|x86.Build.0 = Release|x86
		{762A6D4B-8BED-452F-89F8-9553F65728A0}.Debug|Any CPU.ActiveCfg = Debug|Any CPU
		{762A6D4B-8BED-452F-89F8-9553F65728A0}.Debug|Any CPU.Build.0 = Debug|Any CPU
		{762A6D4B-8BED-452F-89F8-9553F65728A0}.Debug|x64.ActiveCfg = Debug|x64
		{762A6D4B-8BED-452F-89F8-9553F65728A0}.Debug|x64.Build.0 = Debug|x64
		{762A6D4B-8BED-452F-89F8-9553F65728A0}.Debug|x86.ActiveCfg = Debug|x86
		{762A6D4B-8BED-452F-89F8-9553F65728A0}.Debug|x86.Build.0 = Debug|x86
		{762A6D4B-8BED-452F-89F8-9553F65728A0}.Release|Any CPU.ActiveCfg = Release|Any CPU
		{762A6D4B-8BED-452F-89F8-9553F65728A0}.Release|Any CPU.Build.0 = Release|Any CPU
		{762A6D4B-8BED-452F-89F8-9553F65728A0}.Release|x64.ActiveCfg = Release|x64
		{762A6D4B-8BED-452F-89F8-9553F65728A0}.Release|x64.Build.0 = Release|x64
		{762A6D4B-8BED-452F-89F8-9553F65728A0}.Release|x86.ActiveCfg = Release|x86
		{762A6D4B-8BED-452F-89F8-9553F65728A0}.Release|x86.Build.0 = Release|x86
		{481A2176-AEB7-4572-AA42-D37F90C71C3D}.Debug|Any CPU.ActiveCfg = Debug|Any CPU
		{481A2176-AEB7-4572-AA42-D37F90C71C3D}.Debug|Any CPU.Build.0 = Debug|Any CPU
		{481A2176-AEB7-4572-AA42-D37F90C71C3D}.Debug|x64.ActiveCfg = Debug|x64
		{481A2176-AEB7-4572-AA42-D37F90C71C3D}.Debug|x64.Build.0 = Debug|x64
		{481A2176-AEB7-4572-AA42-D37F90C71C3D}.Debug|x86.ActiveCfg = Debug|x86
		{481A2176-AEB7-4572-AA42-D37F90C71C3D}.Debug|x86.Build.0 = Debug|x86
		{481A2176-AEB7-4572-AA42-D37F90C71C3D}.Release|Any CPU.ActiveCfg = Release|Any CPU
		{481A2176-AEB7-4572-AA42-D37F90C71C3D}.Release|Any CPU.Build.0 = Release|Any CPU
		{481A2176-AEB7-4572-AA42-D37F90C71C3D}.Release|x64.ActiveCfg = Release|x64
		{481A2176-AEB7-4572-AA42-D37F90C71C3D}.Release|x64.Build.0 = Release|x64
		{481A2176-AEB7-4572-AA42-D37F90C71C3D}.Release|x86.ActiveCfg = Release|x86
		{481A2176-AEB7-4572-AA42-D37F90C71C3D}.Release|x86.Build.0 = Release|x86
		{B74FEC37-8453-438D-BBEB-C83EDAF6C1F7}.Debug|Any CPU.ActiveCfg = Debug|Any CPU
		{B74FEC37-8453-438D-BBEB-C83EDAF6C1F7}.Debug|Any CPU.Build.0 = Debug|Any CPU
		{B74FEC37-8453-438D-BBEB-C83EDAF6C1F7}.Debug|x64.ActiveCfg = Debug|x64
		{B74FEC37-8453-438D-BBEB-C83EDAF6C1F7}.Debug|x64.Build.0 = Debug|x64
		{B74FEC37-8453-438D-BBEB-C83EDAF6C1F7}.Debug|x86.ActiveCfg = Debug|x86
		{B74FEC37-8453-438D-BBEB-C83EDAF6C1F7}.Debug|x86.Build.0 = Debug|x86
		{B74FEC37-8453-438D-BBEB-C83EDAF6C1F7}.Release|Any CPU.ActiveCfg = Release|Any CPU
		{B74FEC37-8453-438D-BBEB-C83EDAF6C1F7}.Release|Any CPU.Build.0 = Release|Any CPU
		{B74FEC37-8453-438D-BBEB-C83EDAF6C1F7}.Release|x64.ActiveCfg = Release|x64
		{B74FEC37-8453-438D-BBEB-C83EDAF6C1F7}.Release|x64.Build.0 = Release|x64
		{B74FEC37-8453-438D-BBEB-C83EDAF6C1F7}.Release|x86.ActiveCfg = Release|x86
		{B74FEC37-8453-438D-BBEB-C83EDAF6C1F7}.Release|x86.Build.0 = Release|x86
		{1E81D7CB-019A-4E8A-B434-0CB08F338945}.Debug|Any CPU.ActiveCfg = Debug|Any CPU
		{1E81D7CB-019A-4E8A-B434-0CB08F338945}.Debug|Any CPU.Build.0 = Debug|Any CPU
		{1E81D7CB-019A-4E8A-B434-0CB08F338945}.Debug|x64.ActiveCfg = Debug|x64
		{1E81D7CB-019A-4E8A-B434-0CB08F338945}.Debug|x64.Build.0 = Debug|x64
		{1E81D7CB-019A-4E8A-B434-0CB08F338945}.Debug|x86.ActiveCfg = Debug|x86
		{1E81D7CB-019A-4E8A-B434-0CB08F338945}.Debug|x86.Build.0 = Debug|x86
		{1E81D7CB-019A-4E8A-B434-0CB08F338945}.Release|Any CPU.ActiveCfg = Release|Any CPU
		{1E81D7CB-019A-4E8A-B434-0CB08F338945}.Release|Any CPU.Build.0 = Release|Any CPU
		{1E81D7CB-019A-4E8A-B434-0CB08F338945}.Release|x64.ActiveCfg = Release|x64
		{1E81D7CB-019A-4E8A-B434-0CB08F338945}.Release|x64.Build.0 = Release|x64
		{1E81D7CB-019A-4E8A-B434-0CB08F338945}.Release|x86.ActiveCfg = Release|x86
		{1E81D7CB-019A-4E8A-B434-0CB08F338945}.Release|x86.Build.0 = Release|x86
		{66D95B2C-FDBB-4A5A-8165-0716E750B727}.Debug|Any CPU.ActiveCfg = Debug|Any CPU
		{66D95B2C-FDBB-4A5A-8165-0716E750B727}.Debug|Any CPU.Build.0 = Debug|Any CPU
		{66D95B2C-FDBB-4A5A-8165-0716E750B727}.Debug|x64.ActiveCfg = Debug|x64
		{66D95B2C-FDBB-4A5A-8165-0716E750B727}.Debug|x64.Build.0 = Debug|x64
		{66D95B2C-FDBB-4A5A-8165-0716E750B727}.Debug|x86.ActiveCfg = Debug|x86
		{66D95B2C-FDBB-4A5A-8165-0716E750B727}.Debug|x86.Build.0 = Debug|x86
		{66D95B2C-FDBB-4A5A-8165-0716E750B727}.Release|Any CPU.ActiveCfg = Release|Any CPU
		{66D95B2C-FDBB-4A5A-8165-0716E750B727}.Release|Any CPU.Build.0 = Release|Any CPU
		{66D95B2C-FDBB-4A5A-8165-0716E750B727}.Release|x64.ActiveCfg = Release|x64
		{66D95B2C-FDBB-4A5A-8165-0716E750B727}.Release|x64.Build.0 = Release|x64
		{66D95B2C-FDBB-4A5A-8165-0716E750B727}.Release|x86.ActiveCfg = Release|x86
		{66D95B2C-FDBB-4A5A-8165-0716E750B727}.Release|x86.Build.0 = Release|x86
		{D02EADBB-CFBC-49DB-822D-5599B767B4AB}.Debug|Any CPU.ActiveCfg = Debug|Any CPU
		{D02EADBB-CFBC-49DB-822D-5599B767B4AB}.Debug|Any CPU.Build.0 = Debug|Any CPU
		{D02EADBB-CFBC-49DB-822D-5599B767B4AB}.Debug|x64.ActiveCfg = Debug|x64
		{D02EADBB-CFBC-49DB-822D-5599B767B4AB}.Debug|x64.Build.0 = Debug|x64
		{D02EADBB-CFBC-49DB-822D-5599B767B4AB}.Debug|x86.ActiveCfg = Debug|x86
		{D02EADBB-CFBC-49DB-822D-5599B767B4AB}.Debug|x86.Build.0 = Debug|x86
		{D02EADBB-CFBC-49DB-822D-5599B767B4AB}.Release|Any CPU.ActiveCfg = Release|Any CPU
		{D02EADBB-CFBC-49DB-822D-5599B767B4AB}.Release|Any CPU.Build.0 = Release|Any CPU
		{D02EADBB-CFBC-49DB-822D-5599B767B4AB}.Release|x64.ActiveCfg = Release|x64
		{D02EADBB-CFBC-49DB-822D-5599B767B4AB}.Release|x64.Build.0 = Release|x64
		{D02EADBB-CFBC-49DB-822D-5599B767B4AB}.Release|x86.ActiveCfg = Release|x86
		{D02EADBB-CFBC-49DB-822D-5599B767B4AB}.Release|x86.Build.0 = Release|x86
		{36BE1E62-372B-4F98-A840-4299324389E0}.Debug|Any CPU.ActiveCfg = Debug|Any CPU
		{36BE1E62-372B-4F98-A840-4299324389E0}.Debug|Any CPU.Build.0 = Debug|Any CPU
		{36BE1E62-372B-4F98-A840-4299324389E0}.Debug|x64.ActiveCfg = Debug|x64
		{36BE1E62-372B-4F98-A840-4299324389E0}.Debug|x64.Build.0 = Debug|x64
		{36BE1E62-372B-4F98-A840-4299324389E0}.Debug|x86.ActiveCfg = Debug|x86
		{36BE1E62-372B-4F98-A840-4299324389E0}.Debug|x86.Build.0 = Debug|x86
		{36BE1E62-372B-4F98-A840-4299324389E0}.Release|Any CPU.ActiveCfg = Release|Any CPU
		{36BE1E62-372B-4F98-A840-4299324389E0}.Release|Any CPU.Build.0 = Release|Any CPU
		{36BE1E62-372B-4F98-A840-4299324389E0}.Release|x64.ActiveCfg = Release|x64
		{36BE1E62-372B-4F98-A840-4299324389E0}.Release|x64.Build.0 = Release|x64
		{36BE1E62-372B-4F98-A840-4299324389E0}.Release|x86.ActiveCfg = Release|x86
		{36BE1E62-372B-4F98-A840-4299324389E0}.Release|x86.Build.0 = Release|x86
		{300CC669-5648-46E5-ADC0-00758DE4420C}.Debug|Any CPU.ActiveCfg = Debug|Any CPU
		{300CC669-5648-46E5-ADC0-00758DE4420C}.Debug|Any CPU.Build.0 = Debug|Any CPU
		{300CC669-5648-46E5-ADC0-00758DE4420C}.Debug|x64.ActiveCfg = Debug|x64
		{300CC669-5648-46E5-ADC0-00758DE4420C}.Debug|x64.Build.0 = Debug|x64
		{300CC669-5648-46E5-ADC0-00758DE4420C}.Debug|x86.ActiveCfg = Debug|x86
		{300CC669-5648-46E5-ADC0-00758DE4420C}.Debug|x86.Build.0 = Debug|x86
		{300CC669-5648-46E5-ADC0-00758DE4420C}.Release|Any CPU.ActiveCfg = Release|Any CPU
		{300CC669-5648-46E5-ADC0-00758DE4420C}.Release|Any CPU.Build.0 = Release|Any CPU
		{300CC669-5648-46E5-ADC0-00758DE4420C}.Release|x64.ActiveCfg = Release|x64
		{300CC669-5648-46E5-ADC0-00758DE4420C}.Release|x64.Build.0 = Release|x64
		{300CC669-5648-46E5-ADC0-00758DE4420C}.Release|x86.ActiveCfg = Release|x86
		{300CC669-5648-46E5-ADC0-00758DE4420C}.Release|x86.Build.0 = Release|x86
		{E0B4DC38-DCA7-44EE-BA26-9A1B41800351}.Debug|Any CPU.ActiveCfg = Debug|Any CPU
		{E0B4DC38-DCA7-44EE-BA26-9A1B41800351}.Debug|Any CPU.Build.0 = Debug|Any CPU
		{E0B4DC38-DCA7-44EE-BA26-9A1B41800351}.Debug|x64.ActiveCfg = Debug|x64
		{E0B4DC38-DCA7-44EE-BA26-9A1B41800351}.Debug|x64.Build.0 = Debug|x64
		{E0B4DC38-DCA7-44EE-BA26-9A1B41800351}.Debug|x86.ActiveCfg = Debug|x86
		{E0B4DC38-DCA7-44EE-BA26-9A1B41800351}.Debug|x86.Build.0 = Debug|x86
		{E0B4DC38-DCA7-44EE-BA26-9A1B41800351}.Release|Any CPU.ActiveCfg = Release|Any CPU
		{E0B4DC38-DCA7-44EE-BA26-9A1B41800351}.Release|Any CPU.Build.0 = Release|Any CPU
		{E0B4DC38-DCA7-44EE-BA26-9A1B41800351}.Release|x64.ActiveCfg = Release|x64
		{E0B4DC38-DCA7-44EE-BA26-9A1B41800351}.Release|x64.Build.0 = Release|x64
		{E0B4DC38-DCA7-44EE-BA26-9A1B41800351}.Release|x86.ActiveCfg = Release|x86
		{E0B4DC38-DCA7-44EE-BA26-9A1B41800351}.Release|x86.Build.0 = Release|x86
	EndGlobalSection
	GlobalSection(SolutionProperties) = preSolution
		HideSolutionNode = FALSE
	EndGlobalSection
	GlobalSection(ExtensibilityGlobals) = postSolution
		SolutionGuid = {3EC63A89-0035-459D-88E5-77360800968F}
	EndGlobalSection
EndGlobal
